{
    "_readme": [
        "This file locks the dependencies of your project to a known state",
        "Read more about it at https://getcomposer.org/doc/01-basic-usage.md#installing-dependencies",
        "This file is @generated automatically"
    ],
    "content-hash": "db8d354d5f7e80954f0698810f4d75e4",
    "packages": [
        {
            "name": "atheo/indoframe",
            "version": "dev-dev",
            "source": {
                "type": "git",
                "url": "https://github.com/atheo810/Indofame-library.git",
                "reference": "7c7c684a4eaf67e3592a13c8170d0cd48cc344fc"
            },
            "dist": {
                "type": "zip",
                "url": "https://api.github.com/repos/atheo810/Indofame-library/zipball/7c7c684a4eaf67e3592a13c8170d0cd48cc344fc",
                "reference": "7c7c684a4eaf67e3592a13c8170d0cd48cc344fc",
                "shasum": ""
            },
            "require": {
                "php": ">=8.1"
            },
            "default-branch": true,
            "type": "library",
            "autoload": {
                "psr-4": {
                    "Atheo\\Indoframe\\": "src/"
                }
            },
            "notification-url": "https://packagist.org/downloads/",
            "license": [
                "MIT"
            ],
            "authors": [
                {
                    "name": "atheo810",
                    "email": "atheos810@gmail.com"
                }
            ],
            "description": "Library for Framework Indoframe",
            "support": {
                "issues": "https://github.com/atheo810/Indofame-library/issues",
                "source": "https://github.com/atheo810/Indofame-library/tree/dev"
            },
            "time": "2023-06-11T06:58:00+00:00"
        }
    ],
    "packages-dev": [],
    "aliases": [],
    "minimum-stability": "stable",
    "stability-flags": {
        "atheo/indoframe": 20
    },
    "prefer-stable": false,
    "prefer-lowest": false,
    "platform": [],
    "platform-dev": [],
    "plugin-api-version": "2.3.0"
}
