{
    "_readme": [
        "This file locks the dependencies of your project to a known state",
        "Read more about it at https://getcomposer.org/doc/01-basic-usage.md#installing-dependencies",
        "This file is @generated automatically"
    ],
    "content-hash": "9e7468b0e749e085b97b94cab12ba4eb",
    "packages": [
        {
            "name": "atheo/indoframe",
            "version": "v0.03",
            "source": {
                "type": "git",
                "url": "https://github.com/atheo810/Indofame-library.git",
                "reference": "017353e5871095c84cd9ab61449ef8f0038df582"
            },
            "dist": {
                "type": "zip",
                "url": "https://api.github.com/repos/atheo810/Indofame-library/zipball/017353e5871095c84cd9ab61449ef8f0038df582",
                "reference": "017353e5871095c84cd9ab61449ef8f0038df582",
                "shasum": ""
            },
            "require": {
                "php": ">=8.1"
            },
            "type": "library",
            "autoload": {
                "psr-4": {
                    "Atheo\\Indoframe\\": "src/"
                }
            },
            "notification-url": "https://packagist.org/downloads/",
            "license": [
                "MIT"
            ],
            "authors": [
                {
                    "name": "atheo810",
                    "email": "atheos810@gmail.com"
                }
            ],
            "description": "Library for Framework Indoframe",
            "support": {
                "issues": "https://github.com/atheo810/Indofame-library/issues",
                "source": "https://github.com/atheo810/Indofame-library/tree/v0.03"
            },
            "time": "2023-06-11T12:57:07+00:00"
        }
    ],
    "packages-dev": [],
    "aliases": [],
    "minimum-stability": "stable",
    "stability-flags": [],
    "prefer-stable": false,
    "prefer-lowest": false,
    "platform": [],
    "platform-dev": [],
    "plugin-api-version": "2.3.0"
}
